
Microsoft Visual Studio Solution File, Format Version 12.00
# Visual Studio Version 16
VisualStudioVersion = 16.0.29806.167
MinimumVisualStudioVersion = 15.0.26124.0
Project("{9A19103F-16F7-4668-BE54-9A1E7A4F7556}") = "Benchmark", "Benchmark\Benchmark.csproj", "{900F20B2-4AB5-4EE4-B2C5-B131C82F4E0D}"
EndProject
Project("{9A19103F-16F7-4668-BE54-9A1E7A4F7556}") = "BlobStore", "BlobStore\BlobStore.csproj", "{15A13DC9-735D-4D00-9DFD-5E8BE0C3A6FF}"
EndProject
Project("{9A19103F-16F7-4668-BE54-9A1E7A4F7556}") = "CosmosStore", "CosmosStore\CosmosStore.csproj", "{E43F1609-1B0F-4F9D-8EBA-378A9372E4D2}"
EndProject
Project("{9A19103F-16F7-4668-BE54-9A1E7A4F7556}") = "Common.KeyVault", "Common.KeyVault\Common.KeyVault.csproj", "{4B786143-366C-4A62-8A69-E9302B855205}"
EndProject
Project("{9A19103F-16F7-4668-BE54-9A1E7A4F7556}") = "Common.Auth", "Common.Auth\Common.Auth.csproj", "{D58D8E69-4EFF-474E-87FD-88B79D2A4593}"
EndProject
Project("{2150E333-8FDC-42A3-9474-1A3956D46DE8}") = "Common", "Common", "{0BD3B0BA-C85F-4146-A835-4C1972A05058}"
EndProject
Project("{9A19103F-16F7-4668-BE54-9A1E7A4F7556}") = "Common.DocDb", "Common.DocDb\Common.DocDb.csproj", "{73B83FAC-B892-4891-A3F6-794A2AC27164}"
EndProject
Project("{2150E333-8FDC-42A3-9474-1A3956D46DE8}") = "Functions", "Functions", "{2929A2FD-4CB5-426D-848B-6F4D01374911}"
EndProject
Project("{FAE04EC0-301F-11D3-BF4B-00C04F79EFBC}") = "HelloWorld", "Functions\HelloWorld\HelloWorld.csproj", "{2C76ECE3-1EEA-4F9C-98FE-9F907A346F34}"
EndProject
Project("{FAE04EC0-301F-11D3-BF4B-00C04F79EFBC}") = "MsiFunctions", "Functions\MsiFunctions\MsiFunctions.csproj", "{0C5E9417-C4E7-495E-97DE-CF1197BBA54C}"
EndProject
Global
	GlobalSection(SolutionConfigurationPlatforms) = preSolution
		Debug|Any CPU = Debug|Any CPU
		Debug|x64 = Debug|x64
		Debug|x86 = Debug|x86
		Release|Any CPU = Release|Any CPU
		Release|x64 = Release|x64
		Release|x86 = Release|x86
	EndGlobalSection
	GlobalSection(ProjectConfigurationPlatforms) = postSolution
		{900F20B2-4AB5-4EE4-B2C5-B131C82F4E0D}.Debug|Any CPU.ActiveCfg = Debug|Any CPU
		{900F20B2-4AB5-4EE4-B2C5-B131C82F4E0D}.Debug|Any CPU.Build.0 = Debug|Any CPU
		{900F20B2-4AB5-4EE4-B2C5-B131C82F4E0D}.Debug|x64.ActiveCfg = Debug|Any CPU
		{900F20B2-4AB5-4EE4-B2C5-B131C82F4E0D}.Debug|x64.Build.0 = Debug|Any CPU
		{900F20B2-4AB5-4EE4-B2C5-B131C82F4E0D}.Debug|x86.ActiveCfg = Debug|Any CPU
		{900F20B2-4AB5-4EE4-B2C5-B131C82F4E0D}.Debug|x86.Build.0 = Debug|Any CPU
		{900F20B2-4AB5-4EE4-B2C5-B131C82F4E0D}.Release|Any CPU.ActiveCfg = Release|Any CPU
		{900F20B2-4AB5-4EE4-B2C5-B131C82F4E0D}.Release|Any CPU.Build.0 = Release|Any CPU
		{900F20B2-4AB5-4EE4-B2C5-B131C82F4E0D}.Release|x64.ActiveCfg = Release|Any CPU
		{900F20B2-4AB5-4EE4-B2C5-B131C82F4E0D}.Release|x64.Build.0 = Release|Any CPU
		{900F20B2-4AB5-4EE4-B2C5-B131C82F4E0D}.Release|x86.ActiveCfg = Release|Any CPU
		{900F20B2-4AB5-4EE4-B2C5-B131C82F4E0D}.Release|x86.Build.0 = Release|Any CPU
		{15A13DC9-735D-4D00-9DFD-5E8BE0C3A6FF}.Debug|Any CPU.ActiveCfg = Debug|Any CPU
		{15A13DC9-735D-4D00-9DFD-5E8BE0C3A6FF}.Debug|Any CPU.Build.0 = Debug|Any CPU
		{15A13DC9-735D-4D00-9DFD-5E8BE0C3A6FF}.Debug|x64.ActiveCfg = Debug|Any CPU
		{15A13DC9-735D-4D00-9DFD-5E8BE0C3A6FF}.Debug|x64.Build.0 = Debug|Any CPU
		{15A13DC9-735D-4D00-9DFD-5E8BE0C3A6FF}.Debug|x86.ActiveCfg = Debug|Any CPU
		{15A13DC9-735D-4D00-9DFD-5E8BE0C3A6FF}.Debug|x86.Build.0 = Debug|Any CPU
		{15A13DC9-735D-4D00-9DFD-5E8BE0C3A6FF}.Release|Any CPU.ActiveCfg = Release|Any CPU
		{15A13DC9-735D-4D00-9DFD-5E8BE0C3A6FF}.Release|Any CPU.Build.0 = Release|Any CPU
		{15A13DC9-735D-4D00-9DFD-5E8BE0C3A6FF}.Release|x64.ActiveCfg = Release|Any CPU
		{15A13DC9-735D-4D00-9DFD-5E8BE0C3A6FF}.Release|x64.Build.0 = Release|Any CPU
		{15A13DC9-735D-4D00-9DFD-5E8BE0C3A6FF}.Release|x86.ActiveCfg = Release|Any CPU
		{15A13DC9-735D-4D00-9DFD-5E8BE0C3A6FF}.Release|x86.Build.0 = Release|Any CPU
		{E43F1609-1B0F-4F9D-8EBA-378A9372E4D2}.Debug|Any CPU.ActiveCfg = Debug|Any CPU
		{E43F1609-1B0F-4F9D-8EBA-378A9372E4D2}.Debug|Any CPU.Build.0 = Debug|Any CPU
		{E43F1609-1B0F-4F9D-8EBA-378A9372E4D2}.Debug|x64.ActiveCfg = Debug|Any CPU
		{E43F1609-1B0F-4F9D-8EBA-378A9372E4D2}.Debug|x64.Build.0 = Debug|Any CPU
		{E43F1609-1B0F-4F9D-8EBA-378A9372E4D2}.Debug|x86.ActiveCfg = Debug|Any CPU
		{E43F1609-1B0F-4F9D-8EBA-378A9372E4D2}.Debug|x86.Build.0 = Debug|Any CPU
		{E43F1609-1B0F-4F9D-8EBA-378A9372E4D2}.Release|Any CPU.ActiveCfg = Release|Any CPU
		{E43F1609-1B0F-4F9D-8EBA-378A9372E4D2}.Release|Any CPU.Build.0 = Release|Any CPU
		{E43F1609-1B0F-4F9D-8EBA-378A9372E4D2}.Release|x64.ActiveCfg = Release|Any CPU
		{E43F1609-1B0F-4F9D-8EBA-378A9372E4D2}.Release|x64.Build.0 = Release|Any CPU
		{E43F1609-1B0F-4F9D-8EBA-378A9372E4D2}.Release|x86.ActiveCfg = Release|Any CPU
		{E43F1609-1B0F-4F9D-8EBA-378A9372E4D2}.Release|x86.Build.0 = Release|Any CPU
		{4B786143-366C-4A62-8A69-E9302B855205}.Debug|Any CPU.ActiveCfg = Debug|Any CPU
		{4B786143-366C-4A62-8A69-E9302B855205}.Debug|Any CPU.Build.0 = Debug|Any CPU
		{4B786143-366C-4A62-8A69-E9302B855205}.Debug|x64.ActiveCfg = Debug|Any CPU
		{4B786143-366C-4A62-8A69-E9302B855205}.Debug|x64.Build.0 = Debug|Any CPU
		{4B786143-366C-4A62-8A69-E9302B855205}.Debug|x86.ActiveCfg = Debug|Any CPU
		{4B786143-366C-4A62-8A69-E9302B855205}.Debug|x86.Build.0 = Debug|Any CPU
		{4B786143-366C-4A62-8A69-E9302B855205}.Release|Any CPU.ActiveCfg = Release|Any CPU
		{4B786143-366C-4A62-8A69-E9302B855205}.Release|Any CPU.Build.0 = Release|Any CPU
		{4B786143-366C-4A62-8A69-E9302B855205}.Release|x64.ActiveCfg = Release|Any CPU
		{4B786143-366C-4A62-8A69-E9302B855205}.Release|x64.Build.0 = Release|Any CPU
		{4B786143-366C-4A62-8A69-E9302B855205}.Release|x86.ActiveCfg = Release|Any CPU
		{4B786143-366C-4A62-8A69-E9302B855205}.Release|x86.Build.0 = Release|Any CPU
		{D58D8E69-4EFF-474E-87FD-88B79D2A4593}.Debug|Any CPU.ActiveCfg = Debug|Any CPU
		{D58D8E69-4EFF-474E-87FD-88B79D2A4593}.Debug|Any CPU.Build.0 = Debug|Any CPU
		{D58D8E69-4EFF-474E-87FD-88B79D2A4593}.Debug|x64.ActiveCfg = Debug|Any CPU
		{D58D8E69-4EFF-474E-87FD-88B79D2A4593}.Debug|x64.Build.0 = Debug|Any CPU
		{D58D8E69-4EFF-474E-87FD-88B79D2A4593}.Debug|x86.ActiveCfg = Debug|Any CPU
		{D58D8E69-4EFF-474E-87FD-88B79D2A4593}.Debug|x86.Build.0 = Debug|Any CPU
		{D58D8E69-4EFF-474E-87FD-88B79D2A4593}.Release|Any CPU.ActiveCfg = Release|Any CPU
		{D58D8E69-4EFF-474E-87FD-88B79D2A4593}.Release|Any CPU.Build.0 = Release|Any CPU
		{D58D8E69-4EFF-474E-87FD-88B79D2A4593}.Release|x64.ActiveCfg = Release|Any CPU
		{D58D8E69-4EFF-474E-87FD-88B79D2A4593}.Release|x64.Build.0 = Release|Any CPU
		{D58D8E69-4EFF-474E-87FD-88B79D2A4593}.Release|x86.ActiveCfg = Release|Any CPU
		{D58D8E69-4EFF-474E-87FD-88B79D2A4593}.Release|x86.Build.0 = Release|Any CPU
		{73B83FAC-B892-4891-A3F6-794A2AC27164}.Debug|Any CPU.ActiveCfg = Debug|Any CPU
		{73B83FAC-B892-4891-A3F6-794A2AC27164}.Debug|Any CPU.Build.0 = Debug|Any CPU
		{73B83FAC-B892-4891-A3F6-794A2AC27164}.Debug|x64.ActiveCfg = Debug|Any CPU
		{73B83FAC-B892-4891-A3F6-794A2AC27164}.Debug|x64.Build.0 = Debug|Any CPU
		{73B83FAC-B892-4891-A3F6-794A2AC27164}.Debug|x86.ActiveCfg = Debug|Any CPU
		{73B83FAC-B892-4891-A3F6-794A2AC27164}.Debug|x86.Build.0 = Debug|Any CPU
		{73B83FAC-B892-4891-A3F6-794A2AC27164}.Release|Any CPU.ActiveCfg = Release|Any CPU
		{73B83FAC-B892-4891-A3F6-794A2AC27164}.Release|Any CPU.Build.0 = Release|Any CPU
		{73B83FAC-B892-4891-A3F6-794A2AC27164}.Release|x64.ActiveCfg = Release|Any CPU
		{73B83FAC-B892-4891-A3F6-794A2AC27164}.Release|x64.Build.0 = Release|Any CPU
		{73B83FAC-B892-4891-A3F6-794A2AC27164}.Release|x86.ActiveCfg = Release|Any CPU
		{73B83FAC-B892-4891-A3F6-794A2AC27164}.Release|x86.Build.0 = Release|Any CPU
		{2C76ECE3-1EEA-4F9C-98FE-9F907A346F34}.Debug|Any CPU.ActiveCfg = Debug|Any CPU
		{2C76ECE3-1EEA-4F9C-98FE-9F907A346F34}.Debug|Any CPU.Build.0 = Debug|Any CPU
		{2C76ECE3-1EEA-4F9C-98FE-9F907A346F34}.Debug|x64.ActiveCfg = Debug|Any CPU
		{2C76ECE3-1EEA-4F9C-98FE-9F907A346F34}.Debug|x64.Build.0 = Debug|Any CPU
		{2C76ECE3-1EEA-4F9C-98FE-9F907A346F34}.Debug|x86.ActiveCfg = Debug|Any CPU
		{2C76ECE3-1EEA-4F9C-98FE-9F907A346F34}.Debug|x86.Build.0 = Debug|Any CPU
		{2C76ECE3-1EEA-4F9C-98FE-9F907A346F34}.Release|Any CPU.ActiveCfg = Release|Any CPU
		{2C76ECE3-1EEA-4F9C-98FE-9F907A346F34}.Release|Any CPU.Build.0 = Release|Any CPU
		{2C76ECE3-1EEA-4F9C-98FE-9F907A346F34}.Release|x64.ActiveCfg = Release|Any CPU
		{2C76ECE3-1EEA-4F9C-98FE-9F907A346F34}.Release|x64.Build.0 = Release|Any CPU
		{2C76ECE3-1EEA-4F9C-98FE-9F907A346F34}.Release|x86.ActiveCfg = Release|Any CPU
		{2C76ECE3-1EEA-4F9C-98FE-9F907A346F34}.Release|x86.Build.0 = Release|Any CPU
		{0C5E9417-C4E7-495E-97DE-CF1197BBA54C}.Debug|Any CPU.ActiveCfg = Debug|Any CPU
		{0C5E9417-C4E7-495E-97DE-CF1197BBA54C}.Debug|Any CPU.Build.0 = Debug|Any CPU
		{0C5E9417-C4E7-495E-97DE-CF1197BBA54C}.Debug|x64.ActiveCfg = Debug|Any CPU
		{0C5E9417-C4E7-495E-97DE-CF1197BBA54C}.Debug|x64.Build.0 = Debug|Any CPU
		{0C5E9417-C4E7-495E-97DE-CF1197BBA54C}.Debug|x86.ActiveCfg = Debug|Any CPU
		{0C5E9417-C4E7-495E-97DE-CF1197BBA54C}.Debug|x86.Build.0 = Debug|Any CPU
		{0C5E9417-C4E7-495E-97DE-CF1197BBA54C}.Release|Any CPU.ActiveCfg = Release|Any CPU
		{0C5E9417-C4E7-495E-97DE-CF1197BBA54C}.Release|Any CPU.Build.0 = Release|Any CPU
		{0C5E9417-C4E7-495E-97DE-CF1197BBA54C}.Release|x64.ActiveCfg = Release|Any CPU
		{0C5E9417-C4E7-495E-97DE-CF1197BBA54C}.Release|x64.Build.0 = Release|Any CPU
		{0C5E9417-C4E7-495E-97DE-CF1197BBA54C}.Release|x86.ActiveCfg = Release|Any CPU
		{0C5E9417-C4E7-495E-97DE-CF1197BBA54C}.Release|x86.Build.0 = Release|Any CPU
	EndGlobalSection
	GlobalSection(SolutionProperties) = preSolution
		HideSolutionNode = FALSE
	EndGlobalSection
	GlobalSection(NestedProjects) = preSolution
		{4B786143-366C-4A62-8A69-E9302B855205} = {0BD3B0BA-C85F-4146-A835-4C1972A05058}
		{D58D8E69-4EFF-474E-87FD-88B79D2A4593} = {0BD3B0BA-C85F-4146-A835-4C1972A05058}
		{73B83FAC-B892-4891-A3F6-794A2AC27164} = {0BD3B0BA-C85F-4146-A835-4C1972A05058}
		{2C76ECE3-1EEA-4F9C-98FE-9F907A346F34} = {2929A2FD-4CB5-426D-848B-6F4D01374911}
		{0C5E9417-C4E7-495E-97DE-CF1197BBA54C} = {2929A2FD-4CB5-426D-848B-6F4D01374911}
	EndGlobalSection
	GlobalSection(ExtensibilityGlobals) = postSolution
		SolutionGuid = {337B8F85-A379-49CB-B050-047BAD797B09}
	EndGlobalSection
EndGlobal
